
Microsoft Visual Studio Solution File, Format Version 12.00
# Visual Studio 2012
Project("{FAE04EC0-301F-11D3-BF4B-00C04F79EFBC}") = "CourseManagement", "CourseManagement\CourseManagement.csproj", "{9FB99E52-08E5-479D-AA7E-91F3CA09B113}"
EndProject
Project("{FAE04EC0-301F-11D3-BF4B-00C04F79EFBC}") = "TestCourseManagement", "TestCourseManagement\TestCourseManagement.csproj", "{29286010-C259-4C67-8B17-BA5A0E029739}"
EndProject
Project("{ACA99D24-2A4B-4C16-9E92-13D6ABC4AC35}") = "SetupApp", "SetupApp\SetupApp.isproj", "{B4C68D39-04D1-4A23-87DF-234CBF1A8BB5}"
	ProjectSection(ProjectDependencies) = postProject
		{9FB99E52-08E5-479D-AA7E-91F3CA09B113} = {9FB99E52-08E5-479D-AA7E-91F3CA09B113}
	EndProjectSection
EndProject
Global
	GlobalSection(SolutionConfigurationPlatforms) = preSolution
		CD_ROM|Any CPU = CD_ROM|Any CPU
		CD_ROM|Mixed Platforms = CD_ROM|Mixed Platforms
		CD_ROM|x86 = CD_ROM|x86
		Custom|Any CPU = Custom|Any CPU
		Custom|Mixed Platforms = Custom|Mixed Platforms
		Custom|x86 = Custom|x86
		Debug|Any CPU = Debug|Any CPU
		Debug|Mixed Platforms = Debug|Mixed Platforms
		Debug|x86 = Debug|x86
		DVD-10|Any CPU = DVD-10|Any CPU
		DVD-10|Mixed Platforms = DVD-10|Mixed Platforms
		DVD-10|x86 = DVD-10|x86
		DVD-18|Any CPU = DVD-18|Any CPU
		DVD-18|Mixed Platforms = DVD-18|Mixed Platforms
		DVD-18|x86 = DVD-18|x86
		DVD-5|Any CPU = DVD-5|Any CPU
		DVD-5|Mixed Platforms = DVD-5|Mixed Platforms
		DVD-5|x86 = DVD-5|x86
		DVD-9|Any CPU = DVD-9|Any CPU
		DVD-9|Mixed Platforms = DVD-9|Mixed Platforms
		DVD-9|x86 = DVD-9|x86
		Release|Any CPU = Release|Any CPU
		Release|Mixed Platforms = Release|Mixed Platforms
		Release|x86 = Release|x86
		SingleImage|Any CPU = SingleImage|Any CPU
		SingleImage|Mixed Platforms = SingleImage|Mixed Platforms
		SingleImage|x86 = SingleImage|x86
		WebDeployment|Any CPU = WebDeployment|Any CPU
		WebDeployment|Mixed Platforms = WebDeployment|Mixed Platforms
		WebDeployment|x86 = WebDeployment|x86
	EndGlobalSection
	GlobalSection(ProjectConfigurationPlatforms) = postSolution
		{9FB99E52-08E5-479D-AA7E-91F3CA09B113}.CD_ROM|Any CPU.ActiveCfg = Release|Any CPU
		{9FB99E52-08E5-479D-AA7E-91F3CA09B113}.CD_ROM|Any CPU.Build.0 = Release|Any CPU
		{9FB99E52-08E5-479D-AA7E-91F3CA09B113}.CD_ROM|Mixed Platforms.ActiveCfg = Debug|Any CPU
		{9FB99E52-08E5-479D-AA7E-91F3CA09B113}.CD_ROM|Mixed Platforms.Build.0 = Debug|Any CPU
		{9FB99E52-08E5-479D-AA7E-91F3CA09B113}.CD_ROM|x86.ActiveCfg = Debug|Any CPU
		{9FB99E52-08E5-479D-AA7E-91F3CA09B113}.Custom|Any CPU.ActiveCfg = Debug|Any CPU
		{9FB99E52-08E5-479D-AA7E-91F3CA09B113}.Custom|Any CPU.Build.0 = Debug|Any CPU
		{9FB99E52-08E5-479D-AA7E-91F3CA09B113}.Custom|Mixed Platforms.ActiveCfg = Debug|Any CPU
		{9FB99E52-08E5-479D-AA7E-91F3CA09B113}.Custom|Mixed Platforms.Build.0 = Debug|Any CPU
		{9FB99E52-08E5-479D-AA7E-91F3CA09B113}.Custom|x86.ActiveCfg = Debug|Any CPU
		{9FB99E52-08E5-479D-AA7E-91F3CA09B113}.Debug|Any CPU.ActiveCfg = Debug|Any CPU
		{9FB99E52-08E5-479D-AA7E-91F3CA09B113}.Debug|Any CPU.Build.0 = Debug|Any CPU
		{9FB99E52-08E5-479D-AA7E-91F3CA09B113}.Debug|Mixed Platforms.ActiveCfg = Debug|Any CPU
		{9FB99E52-08E5-479D-AA7E-91F3CA09B113}.Debug|Mixed Platforms.Build.0 = Debug|Any CPU
		{9FB99E52-08E5-479D-AA7E-91F3CA09B113}.Debug|x86.ActiveCfg = Debug|Any CPU
		{9FB99E52-08E5-479D-AA7E-91F3CA09B113}.DVD-10|Any CPU.ActiveCfg = Debug|Any CPU
		{9FB99E52-08E5-479D-AA7E-91F3CA09B113}.DVD-10|Any CPU.Build.0 = Debug|Any CPU
		{9FB99E52-08E5-479D-AA7E-91F3CA09B113}.DVD-10|Mixed Platforms.ActiveCfg = Debug|Any CPU
		{9FB99E52-08E5-479D-AA7E-91F3CA09B113}.DVD-10|Mixed Platforms.Build.0 = Debug|Any CPU
		{9FB99E52-08E5-479D-AA7E-91F3CA09B113}.DVD-10|x86.ActiveCfg = Debug|Any CPU
		{9FB99E52-08E5-479D-AA7E-91F3CA09B113}.DVD-18|Any CPU.ActiveCfg = Debug|Any CPU
		{9FB99E52-08E5-479D-AA7E-91F3CA09B113}.DVD-18|Any CPU.Build.0 = Debug|Any CPU
		{9FB99E52-08E5-479D-AA7E-91F3CA09B113}.DVD-18|Mixed Platforms.ActiveCfg = Debug|Any CPU
		{9FB99E52-08E5-479D-AA7E-91F3CA09B113}.DVD-18|Mixed Platforms.Build.0 = Debug|Any CPU
		{9FB99E52-08E5-479D-AA7E-91F3CA09B113}.DVD-18|x86.ActiveCfg = Debug|Any CPU
		{9FB99E52-08E5-479D-AA7E-91F3CA09B113}.DVD-5|Any CPU.ActiveCfg = Debug|Any CPU
		{9FB99E52-08E5-479D-AA7E-91F3CA09B113}.DVD-5|Any CPU.Build.0 = Debug|Any CPU
		{9FB99E52-08E5-479D-AA7E-91F3CA09B113}.DVD-5|Mixed Platforms.ActiveCfg = Debug|Any CPU
		{9FB99E52-08E5-479D-AA7E-91F3CA09B113}.DVD-5|Mixed Platforms.Build.0 = Debug|Any CPU
		{9FB99E52-08E5-479D-AA7E-91F3CA09B113}.DVD-5|x86.ActiveCfg = Debug|Any CPU
		{9FB99E52-08E5-479D-AA7E-91F3CA09B113}.DVD-9|Any CPU.ActiveCfg = Debug|Any CPU
		{9FB99E52-08E5-479D-AA7E-91F3CA09B113}.DVD-9|Any CPU.Build.0 = Debug|Any CPU
		{9FB99E52-08E5-479D-AA7E-91F3CA09B113}.DVD-9|Mixed Platforms.ActiveCfg = Debug|Any CPU
		{9FB99E52-08E5-479D-AA7E-91F3CA09B113}.DVD-9|Mixed Platforms.Build.0 = Debug|Any CPU
		{9FB99E52-08E5-479D-AA7E-91F3CA09B113}.DVD-9|x86.ActiveCfg = Debug|Any CPU
		{9FB99E52-08E5-479D-AA7E-91F3CA09B113}.Release|Any CPU.ActiveCfg = Release|Any CPU
		{9FB99E52-08E5-479D-AA7E-91F3CA09B113}.Release|Any CPU.Build.0 = Release|Any CPU
		{9FB99E52-08E5-479D-AA7E-91F3CA09B113}.Release|Mixed Platforms.ActiveCfg = Release|Any CPU
		{9FB99E52-08E5-479D-AA7E-91F3CA09B113}.Release|Mixed Platforms.Build.0 = Release|Any CPU
		{9FB99E52-08E5-479D-AA7E-91F3CA09B113}.Release|x86.ActiveCfg = Release|Any CPU
		{9FB99E52-08E5-479D-AA7E-91F3CA09B113}.SingleImage|Any CPU.ActiveCfg = Release|Any CPU
		{9FB99E52-08E5-479D-AA7E-91F3CA09B113}.SingleImage|Any CPU.Build.0 = Release|Any CPU
		{9FB99E52-08E5-479D-AA7E-91F3CA09B113}.SingleImage|Mixed Platforms.ActiveCfg = Debug|Any CPU
		{9FB99E52-08E5-479D-AA7E-91F3CA09B113}.SingleImage|Mixed Platforms.Build.0 = Debug|Any CPU
		{9FB99E52-08E5-479D-AA7E-91F3CA09B113}.SingleImage|x86.ActiveCfg = Debug|Any CPU
		{9FB99E52-08E5-479D-AA7E-91F3CA09B113}.WebDeployment|Any CPU.ActiveCfg = Debug|Any CPU
		{9FB99E52-08E5-479D-AA7E-91F3CA09B113}.WebDeployment|Any CPU.Build.0 = Debug|Any CPU
		{9FB99E52-08E5-479D-AA7E-91F3CA09B113}.WebDeployment|Mixed Platforms.ActiveCfg = Debug|Any CPU
		{9FB99E52-08E5-479D-AA7E-91F3CA09B113}.WebDeployment|Mixed Platforms.Build.0 = Debug|Any CPU
		{9FB99E52-08E5-479D-AA7E-91F3CA09B113}.WebDeployment|x86.ActiveCfg = Debug|Any CPU
		{29286010-C259-4C67-8B17-BA5A0E029739}.CD_ROM|Any CPU.ActiveCfg = Release|Any CPU
		{29286010-C259-4C67-8B17-BA5A0E029739}.CD_ROM|Any CPU.Build.0 = Release|Any CPU
		{29286010-C259-4C67-8B17-BA5A0E029739}.CD_ROM|Mixed Platforms.ActiveCfg = Debug|Any CPU
		{29286010-C259-4C67-8B17-BA5A0E029739}.CD_ROM|Mixed Platforms.Build.0 = Debug|Any CPU
		{29286010-C259-4C67-8B17-BA5A0E029739}.CD_ROM|x86.ActiveCfg = Debug|Any CPU
		{29286010-C259-4C67-8B17-BA5A0E029739}.Custom|Any CPU.ActiveCfg = Debug|Any CPU
		{29286010-C259-4C67-8B17-BA5A0E029739}.Custom|Any CPU.Build.0 = Debug|Any CPU
		{29286010-C259-4C67-8B17-BA5A0E029739}.Custom|Mixed Platforms.ActiveCfg = Debug|Any CPU
		{29286010-C259-4C67-8B17-BA5A0E029739}.Custom|Mixed Platforms.Build.0 = Debug|Any CPU
		{29286010-C259-4C67-8B17-BA5A0E029739}.Custom|x86.ActiveCfg = Debug|Any CPU
		{29286010-C259-4C67-8B17-BA5A0E029739}.Debug|Any CPU.ActiveCfg = Debug|Any CPU
		{29286010-C259-4C67-8B17-BA5A0E029739}.Debug|Any CPU.Build.0 = Debug|Any CPU
		{29286010-C259-4C67-8B17-BA5A0E029739}.Debug|Mixed Platforms.ActiveCfg = Debug|Any CPU
		{29286010-C259-4C67-8B17-BA5A0E029739}.Debug|Mixed Platforms.Build.0 = Debug|Any CPU
		{29286010-C259-4C67-8B17-BA5A0E029739}.Debug|x86.ActiveCfg = Debug|Any CPU
		{29286010-C259-4C67-8B17-BA5A0E029739}.DVD-10|Any CPU.ActiveCfg = Debug|Any CPU
		{29286010-C259-4C67-8B17-BA5A0E029739}.DVD-10|Any CPU.Build.0 = Debug|Any CPU
		{29286010-C259-4C67-8B17-BA5A0E029739}.DVD-10|Mixed Platforms.ActiveCfg = Debug|Any CPU
		{29286010-C259-4C67-8B17-BA5A0E029739}.DVD-10|Mixed Platforms.Build.0 = Debug|Any CPU
		{29286010-C259-4C67-8B17-BA5A0E029739}.DVD-10|x86.ActiveCfg = Debug|Any CPU
		{29286010-C259-4C67-8B17-BA5A0E029739}.DVD-18|Any CPU.ActiveCfg = Debug|Any CPU
		{29286010-C259-4C67-8B17-BA5A0E029739}.DVD-18|Any CPU.Build.0 = Debug|Any CPU
		{29286010-C259-4C67-8B17-BA5A0E029739}.DVD-18|Mixed Platforms.ActiveCfg = Debug|Any CPU
		{29286010-C259-4C67-8B17-BA5A0E029739}.DVD-18|Mixed Platforms.Build.0 = Debug|Any CPU
		{29286010-C259-4C67-8B17-BA5A0E029739}.DVD-18|x86.ActiveCfg = Debug|Any CPU
		{29286010-C259-4C67-8B17-BA5A0E029739}.DVD-5|Any CPU.ActiveCfg = Debug|Any CPU
		{29286010-C259-4C67-8B17-BA5A0E029739}.DVD-5|Any CPU.Build.0 = Debug|Any CPU
		{29286010-C259-4C67-8B17-BA5A0E029739}.DVD-5|Mixed Platforms.ActiveCfg = Debug|Any CPU
		{29286010-C259-4C67-8B17-BA5A0E029739}.DVD-5|Mixed Platforms.Build.0 = Debug|Any CPU
		{29286010-C259-4C67-8B17-BA5A0E029739}.DVD-5|x86.ActiveCfg = Debug|Any CPU
		{29286010-C259-4C67-8B17-BA5A0E029739}.DVD-9|Any CPU.ActiveCfg = Debug|Any CPU
		{29286010-C259-4C67-8B17-BA5A0E029739}.DVD-9|Any CPU.Build.0 = Debug|Any CPU
		{29286010-C259-4C67-8B17-BA5A0E029739}.DVD-9|Mixed Platforms.ActiveCfg = Debug|Any CPU
		{29286010-C259-4C67-8B17-BA5A0E029739}.DVD-9|Mixed Platforms.Build.0 = Debug|Any CPU
		{29286010-C259-4C67-8B17-BA5A0E029739}.DVD-9|x86.ActiveCfg = Debug|Any CPU
		{29286010-C259-4C67-8B17-BA5A0E029739}.Release|Any CPU.ActiveCfg = Release|Any CPU
		{29286010-C259-4C67-8B17-BA5A0E029739}.Release|Any CPU.Build.0 = Release|Any CPU
		{29286010-C259-4C67-8B17-BA5A0E029739}.Release|Mixed Platforms.ActiveCfg = Release|Any CPU
		{29286010-C259-4C67-8B17-BA5A0E029739}.Release|Mixed Platforms.Build.0 = Release|Any CPU
		{29286010-C259-4C67-8B17-BA5A0E029739}.Release|x86.ActiveCfg = Release|Any CPU
		{29286010-C259-4C67-8B17-BA5A0E029739}.SingleImage|Any CPU.ActiveCfg = Release|Any CPU
		{29286010-C259-4C67-8B17-BA5A0E029739}.SingleImage|Any CPU.Build.0 = Release|Any CPU
		{29286010-C259-4C67-8B17-BA5A0E029739}.SingleImage|Mixed Platforms.ActiveCfg = Debug|Any CPU
		{29286010-C259-4C67-8B17-BA5A0E029739}.SingleImage|Mixed Platforms.Build.0 = Debug|Any CPU
		{29286010-C259-4C67-8B17-BA5A0E029739}.SingleImage|x86.ActiveCfg = Debug|Any CPU
		{29286010-C259-4C67-8B17-BA5A0E029739}.WebDeployment|Any CPU.ActiveCfg = Debug|Any CPU
		{29286010-C259-4C67-8B17-BA5A0E029739}.WebDeployment|Any CPU.Build.0 = Debug|Any CPU
		{29286010-C259-4C67-8B17-BA5A0E029739}.WebDeployment|Mixed Platforms.ActiveCfg = Debug|Any CPU
		{29286010-C259-4C67-8B17-BA5A0E029739}.WebDeployment|Mixed Platforms.Build.0 = Debug|Any CPU
		{29286010-C259-4C67-8B17-BA5A0E029739}.WebDeployment|x86.ActiveCfg = Debug|Any CPU
		{B4C68D39-04D1-4A23-87DF-234CBF1A8BB5}.CD_ROM|Any CPU.ActiveCfg = CD_ROM
		{B4C68D39-04D1-4A23-87DF-234CBF1A8BB5}.CD_ROM|Any CPU.Build.0 = CD_ROM
		{B4C68D39-04D1-4A23-87DF-234CBF1A8BB5}.CD_ROM|Mixed Platforms.ActiveCfg = CD_ROM
		{B4C68D39-04D1-4A23-87DF-234CBF1A8BB5}.CD_ROM|Mixed Platforms.Build.0 = CD_ROM
		{B4C68D39-04D1-4A23-87DF-234CBF1A8BB5}.CD_ROM|x86.ActiveCfg = CD_ROM
		{B4C68D39-04D1-4A23-87DF-234CBF1A8BB5}.CD_ROM|x86.Build.0 = CD_ROM
		{B4C68D39-04D1-4A23-87DF-234CBF1A8BB5}.Custom|Any CPU.ActiveCfg = Custom
		{B4C68D39-04D1-4A23-87DF-234CBF1A8BB5}.Custom|Any CPU.Build.0 = Custom
		{B4C68D39-04D1-4A23-87DF-234CBF1A8BB5}.Custom|Mixed Platforms.ActiveCfg = Custom
		{B4C68D39-04D1-4A23-87DF-234CBF1A8BB5}.Custom|Mixed Platforms.Build.0 = Custom
		{B4C68D39-04D1-4A23-87DF-234CBF1A8BB5}.Custom|x86.ActiveCfg = Custom
		{B4C68D39-04D1-4A23-87DF-234CBF1A8BB5}.Custom|x86.Build.0 = Custom
		{B4C68D39-04D1-4A23-87DF-234CBF1A8BB5}.Debug|Any CPU.ActiveCfg = DVD-9
		{B4C68D39-04D1-4A23-87DF-234CBF1A8BB5}.Debug|Any CPU.Build.0 = DVD-9
		{B4C68D39-04D1-4A23-87DF-234CBF1A8BB5}.Debug|Mixed Platforms.ActiveCfg = DVD-9
		{B4C68D39-04D1-4A23-87DF-234CBF1A8BB5}.Debug|Mixed Platforms.Build.0 = DVD-9
		{B4C68D39-04D1-4A23-87DF-234CBF1A8BB5}.Debug|x86.ActiveCfg = DVD-9
		{B4C68D39-04D1-4A23-87DF-234CBF1A8BB5}.Debug|x86.Build.0 = DVD-9
		{B4C68D39-04D1-4A23-87DF-234CBF1A8BB5}.DVD-10|Any CPU.ActiveCfg = DVD-10
		{B4C68D39-04D1-4A23-87DF-234CBF1A8BB5}.DVD-10|Any CPU.Build.0 = DVD-10
		{B4C68D39-04D1-4A23-87DF-234CBF1A8BB5}.DVD-10|Mixed Platforms.ActiveCfg = DVD-10
		{B4C68D39-04D1-4A23-87DF-234CBF1A8BB5}.DVD-10|Mixed Platforms.Build.0 = DVD-10
		{B4C68D39-04D1-4A23-87DF-234CBF1A8BB5}.DVD-10|x86.ActiveCfg = DVD-10
		{B4C68D39-04D1-4A23-87DF-234CBF1A8BB5}.DVD-10|x86.Build.0 = DVD-10
		{B4C68D39-04D1-4A23-87DF-234CBF1A8BB5}.DVD-18|Any CPU.ActiveCfg = DVD-18
		{B4C68D39-04D1-4A23-87DF-234CBF1A8BB5}.DVD-18|Any CPU.Build.0 = DVD-18
		{B4C68D39-04D1-4A23-87DF-234CBF1A8BB5}.DVD-18|Mixed Platforms.ActiveCfg = DVD-18
		{B4C68D39-04D1-4A23-87DF-234CBF1A8BB5}.DVD-18|Mixed Platforms.Build.0 = DVD-18
		{B4C68D39-04D1-4A23-87DF-234CBF1A8BB5}.DVD-18|x86.ActiveCfg = DVD-18
		{B4C68D39-04D1-4A23-87DF-234CBF1A8BB5}.DVD-18|x86.Build.0 = DVD-18
		{B4C68D39-04D1-4A23-87DF-234CBF1A8BB5}.DVD-5|Any CPU.ActiveCfg = DVD-5
		{B4C68D39-04D1-4A23-87DF-234CBF1A8BB5}.DVD-5|Any CPU.Build.0 = DVD-5
		{B4C68D39-04D1-4A23-87DF-234CBF1A8BB5}.DVD-5|Mixed Platforms.ActiveCfg = DVD-5
		{B4C68D39-04D1-4A23-87DF-234CBF1A8BB5}.DVD-5|Mixed Platforms.Build.0 = DVD-5
		{B4C68D39-04D1-4A23-87DF-234CBF1A8BB5}.DVD-5|x86.ActiveCfg = DVD-5
		{B4C68D39-04D1-4A23-87DF-234CBF1A8BB5}.DVD-5|x86.Build.0 = DVD-5
		{B4C68D39-04D1-4A23-87DF-234CBF1A8BB5}.DVD-9|Any CPU.ActiveCfg = DVD-9
		{B4C68D39-04D1-4A23-87DF-234CBF1A8BB5}.DVD-9|Any CPU.Build.0 = DVD-9
		{B4C68D39-04D1-4A23-87DF-234CBF1A8BB5}.DVD-9|Mixed Platforms.ActiveCfg = DVD-9
		{B4C68D39-04D1-4A23-87DF-234CBF1A8BB5}.DVD-9|Mixed Platforms.Build.0 = DVD-9
		{B4C68D39-04D1-4A23-87DF-234CBF1A8BB5}.DVD-9|x86.ActiveCfg = DVD-9
		{B4C68D39-04D1-4A23-87DF-234CBF1A8BB5}.DVD-9|x86.Build.0 = DVD-9
		{B4C68D39-04D1-4A23-87DF-234CBF1A8BB5}.Release|Any CPU.ActiveCfg = WebDeployment
		{B4C68D39-04D1-4A23-87DF-234CBF1A8BB5}.Release|Any CPU.Build.0 = WebDeployment
		{B4C68D39-04D1-4A23-87DF-234CBF1A8BB5}.Release|Mixed Platforms.ActiveCfg = WebDeployment
		{B4C68D39-04D1-4A23-87DF-234CBF1A8BB5}.Release|Mixed Platforms.Build.0 = WebDeployment
		{B4C68D39-04D1-4A23-87DF-234CBF1A8BB5}.Release|x86.ActiveCfg = WebDeployment
		{B4C68D39-04D1-4A23-87DF-234CBF1A8BB5}.Release|x86.Build.0 = WebDeployment
		{B4C68D39-04D1-4A23-87DF-234CBF1A8BB5}.SingleImage|Any CPU.ActiveCfg = SingleImage
		{B4C68D39-04D1-4A23-87DF-234CBF1A8BB5}.SingleImage|Any CPU.Build.0 = SingleImage
		{B4C68D39-04D1-4A23-87DF-234CBF1A8BB5}.SingleImage|Mixed Platforms.ActiveCfg = SingleImage
		{B4C68D39-04D1-4A23-87DF-234CBF1A8BB5}.SingleImage|Mixed Platforms.Build.0 = SingleImage
		{B4C68D39-04D1-4A23-87DF-234CBF1A8BB5}.SingleImage|x86.ActiveCfg = SingleImage
		{B4C68D39-04D1-4A23-87DF-234CBF1A8BB5}.SingleImage|x86.Build.0 = SingleImage
		{B4C68D39-04D1-4A23-87DF-234CBF1A8BB5}.WebDeployment|Any CPU.ActiveCfg = WebDeployment
		{B4C68D39-04D1-4A23-87DF-234CBF1A8BB5}.WebDeployment|Any CPU.Build.0 = WebDeployment
		{B4C68D39-04D1-4A23-87DF-234CBF1A8BB5}.WebDeployment|Mixed Platforms.ActiveCfg = WebDeployment
		{B4C68D39-04D1-4A23-87DF-234CBF1A8BB5}.WebDeployment|Mixed Platforms.Build.0 = WebDeployment
		{B4C68D39-04D1-4A23-87DF-234CBF1A8BB5}.WebDeployment|x86.ActiveCfg = WebDeployment
		{B4C68D39-04D1-4A23-87DF-234CBF1A8BB5}.WebDeployment|x86.Build.0 = WebDeployment
	EndGlobalSection
	GlobalSection(SolutionProperties) = preSolution
		HideSolutionNode = FALSE
	EndGlobalSection
EndGlobal
